
Microsoft Visual Studio Solution File, Format Version 12.00
# Visual Studio Version 16
VisualStudioVersion = 16.0.31613.86
MinimumVisualStudioVersion = 10.0.40219.1
Project("{FAE04EC0-301F-11D3-BF4B-00C04F79EFBC}") = "BarCodeApplication", "BarCodeApplication\BarCodeApplication.csproj", "{BD6C2CAA-912E-4FEB-93A8-7806CAC38F9B}"
EndProject
Global
	GlobalSection(SolutionConfigurationPlatforms) = preSolution
		Debug|Any CPU = Debug|Any CPU
		Release|Any CPU = Release|Any CPU
	EndGlobalSection
	GlobalSection(ProjectConfigurationPlatforms) = postSolution
		{BD6C2CAA-912E-4FEB-93A8-7806CAC38F9B}.Debug|Any CPU.ActiveCfg = Debug|Any CPU
		{BD6C2CAA-912E-4FEB-93A8-7806CAC38F9B}.Debug|Any CPU.Build.0 = Debug|Any CPU
		{BD6C2CAA-912E-4FEB-93A8-7806CAC38F9B}.Release|Any CPU.ActiveCfg = Release|Any CPU
		{BD6C2CAA-912E-4FEB-93A8-7806CAC38F9B}.Release|Any CPU.Build.0 = Release|Any CPU
	EndGlobalSection
	GlobalSection(SolutionProperties) = preSolution
		HideSolutionNode = FALSE
	EndGlobalSection
	GlobalSection(ExtensibilityGlobals) = postSolution
		SolutionGuid = {336CA184-49E3-4156-B2E3-8BFC8F07C39A}
	EndGlobalSection
EndGlobal
